
Microsoft Visual Studio Solution File, Format Version 12.00
# Visual Studio Version 16
VisualStudioVersion = 16.0.31624.102
MinimumVisualStudioVersion = 10.0.40219.1
Project("{FAE04EC0-301F-11D3-BF4B-00C04F79EFBC}") = "Functions", "Functions\Functions.csproj", "{F879571E-7366-44F0-A90C-37BEB9265E4D}"
EndProject
Project("{FAE04EC0-301F-11D3-BF4B-00C04F79EFBC}") = "UserNameData", "UserNameData\UserNameData.csproj", "{3C84989F-42F6-4363-817A-D2495D4A701E}"
EndProject
Project("{FAE04EC0-301F-11D3-BF4B-00C04F79EFBC}") = "UserNameDataTask", "UserNameDataTask\UserNameDataTask.csproj", "{BEF13EBF-0690-4A51-AE11-EAA45262FBE2}"
EndProject
Global
	GlobalSection(SolutionConfigurationPlatforms) = preSolution
		Debug|Any CPU = Debug|Any CPU
		Release|Any CPU = Release|Any CPU
	EndGlobalSection
	GlobalSection(ProjectConfigurationPlatforms) = postSolution
		{F879571E-7366-44F0-A90C-37BEB9265E4D}.Debug|Any CPU.ActiveCfg = Debug|Any CPU
		{F879571E-7366-44F0-A90C-37BEB9265E4D}.Debug|Any CPU.Build.0 = Debug|Any CPU
		{F879571E-7366-44F0-A90C-37BEB9265E4D}.Release|Any CPU.ActiveCfg = Release|Any CPU
		{F879571E-7366-44F0-A90C-37BEB9265E4D}.Release|Any CPU.Build.0 = Release|Any CPU
		{3C84989F-42F6-4363-817A-D2495D4A701E}.Debug|Any CPU.ActiveCfg = Debug|Any CPU
		{3C84989F-42F6-4363-817A-D2495D4A701E}.Debug|Any CPU.Build.0 = Debug|Any CPU
		{3C84989F-42F6-4363-817A-D2495D4A701E}.Release|Any CPU.ActiveCfg = Release|Any CPU
		{3C84989F-42F6-4363-817A-D2495D4A701E}.Release|Any CPU.Build.0 = Release|Any CPU
		{BEF13EBF-0690-4A51-AE11-EAA45262FBE2}.Debug|Any CPU.ActiveCfg = Debug|Any CPU
		{BEF13EBF-0690-4A51-AE11-EAA45262FBE2}.Debug|Any CPU.Build.0 = Debug|Any CPU
		{BEF13EBF-0690-4A51-AE11-EAA45262FBE2}.Release|Any CPU.ActiveCfg = Release|Any CPU
		{BEF13EBF-0690-4A51-AE11-EAA45262FBE2}.Release|Any CPU.Build.0 = Release|Any CPU
	EndGlobalSection
	GlobalSection(SolutionProperties) = preSolution
		HideSolutionNode = FALSE
	EndGlobalSection
	GlobalSection(ExtensibilityGlobals) = postSolution
		SolutionGuid = {B3C35865-B32D-4E9B-94AC-FAC34BBEC9D9}
	EndGlobalSection
EndGlobal
